
Microsoft Visual Studio Solution File, Format Version 12.00
# Visual Studio Version 17
VisualStudioVersion = 17.13.35825.156
MinimumVisualStudioVersion = 10.0.40219.1
Project("{FAE04EC0-301F-11D3-BF4B-00C04F79EFBC}") = "SisonkeBank", "SisonkeBank.csproj", "{D882D97F-EB4A-4561-A443-EE8E9A04FF40}"
EndProject
Global
	GlobalSection(SolutionConfigurationPlatforms) = preSolution
		Debug|Any CPU = Debug|Any CPU
		Release|Any CPU = Release|Any CPU
	EndGlobalSection
	GlobalSection(ProjectConfigurationPlatforms) = postSolution
		{D882D97F-EB4A-4561-A443-EE8E9A04FF40}.Debug|Any CPU.ActiveCfg = Debug|Any CPU
		{D882D97F-EB4A-4561-A443-EE8E9A04FF40}.Debug|Any CPU.Build.0 = Debug|Any CPU
		{D882D97F-EB4A-4561-A443-EE8E9A04FF40}.Release|Any CPU.ActiveCfg = Release|Any CPU
		{D882D97F-EB4A-4561-A443-EE8E9A04FF40}.Release|Any CPU.Build.0 = Release|Any CPU
	EndGlobalSection
	GlobalSection(SolutionProperties) = preSolution
		HideSolutionNode = FALSE
	EndGlobalSection
	GlobalSection(ExtensibilityGlobals) = postSolution
		SolutionGuid = {5CC64C39-A9F1-48C6-BD61-29F36ECDC7EE}
	EndGlobalSection
EndGlobal
